
Microsoft Visual Studio Solution File, Format Version 12.00
# Visual Studio Version 16
VisualStudioVersion = 16.0.30114.105
MinimumVisualStudioVersion = 10.0.40219.1
Project("{FAE04EC0-301F-11D3-BF4B-00C04F79EFBC}") = "Sudo.Core", "Sudo.Core\Sudo.Core.csproj", "{C2CC1BAC-C144-490E-90B9-D9EB3565173A}"
EndProject
Project("{FAE04EC0-301F-11D3-BF4B-00C04F79EFBC}") = "Sudo.TestApp", "Sudo.TestApp\Sudo.TestApp.csproj", "{96376860-9263-4E00-BE4C-E71A117287DD}"
EndProject
Project("{FAE04EC0-301F-11D3-BF4B-00C04F79EFBC}") = "SudoDemo", "SudoDemo\SudoDemo.csproj", "{6A00068E-91B4-459E-AAF3-B6E0BC3A1B37}"
EndProject
Project("{FAE04EC0-301F-11D3-BF4B-00C04F79EFBC}") = "Sudo.OCR", "Sudo.OCR\Sudo.OCR.csproj", "{AB1144DA-CFC9-43AF-8DBF-C93889379F1C}"
EndProject
Project("{FAE04EC0-301F-11D3-BF4B-00C04F79EFBC}") = "Game.Service.Sudo", "Game.Service.Sudo\Game.Service.Sudo.csproj", "{108193E6-918E-46BE-9F3E-04249738764B}"
EndProject
Global
	GlobalSection(SolutionConfigurationPlatforms) = preSolution
		Debug|Any CPU = Debug|Any CPU
		Release|Any CPU = Release|Any CPU
	EndGlobalSection
	GlobalSection(SolutionProperties) = preSolution
		HideSolutionNode = FALSE
	EndGlobalSection
	GlobalSection(ProjectConfigurationPlatforms) = postSolution
		{C2CC1BAC-C144-490E-90B9-D9EB3565173A}.Debug|Any CPU.ActiveCfg = Debug|Any CPU
		{C2CC1BAC-C144-490E-90B9-D9EB3565173A}.Debug|Any CPU.Build.0 = Debug|Any CPU
		{C2CC1BAC-C144-490E-90B9-D9EB3565173A}.Release|Any CPU.ActiveCfg = Release|Any CPU
		{C2CC1BAC-C144-490E-90B9-D9EB3565173A}.Release|Any CPU.Build.0 = Release|Any CPU
		{96376860-9263-4E00-BE4C-E71A117287DD}.Debug|Any CPU.ActiveCfg = Debug|Any CPU
		{96376860-9263-4E00-BE4C-E71A117287DD}.Debug|Any CPU.Build.0 = Debug|Any CPU
		{96376860-9263-4E00-BE4C-E71A117287DD}.Release|Any CPU.ActiveCfg = Release|Any CPU
		{96376860-9263-4E00-BE4C-E71A117287DD}.Release|Any CPU.Build.0 = Release|Any CPU
		{6A00068E-91B4-459E-AAF3-B6E0BC3A1B37}.Debug|Any CPU.ActiveCfg = Debug|Any CPU
		{6A00068E-91B4-459E-AAF3-B6E0BC3A1B37}.Debug|Any CPU.Build.0 = Debug|Any CPU
		{6A00068E-91B4-459E-AAF3-B6E0BC3A1B37}.Release|Any CPU.ActiveCfg = Release|Any CPU
		{6A00068E-91B4-459E-AAF3-B6E0BC3A1B37}.Release|Any CPU.Build.0 = Release|Any CPU
		{4FC94CC0-A4E8-4C09-AF2D-9C141E733795}.Debug|Any CPU.ActiveCfg = Debug|Any CPU
		{4FC94CC0-A4E8-4C09-AF2D-9C141E733795}.Debug|Any CPU.Build.0 = Debug|Any CPU
		{4FC94CC0-A4E8-4C09-AF2D-9C141E733795}.Release|Any CPU.ActiveCfg = Release|Any CPU
		{4FC94CC0-A4E8-4C09-AF2D-9C141E733795}.Release|Any CPU.Build.0 = Release|Any CPU
		{AB1144DA-CFC9-43AF-8DBF-C93889379F1C}.Debug|Any CPU.ActiveCfg = Debug|Any CPU
		{AB1144DA-CFC9-43AF-8DBF-C93889379F1C}.Debug|Any CPU.Build.0 = Debug|Any CPU
		{AB1144DA-CFC9-43AF-8DBF-C93889379F1C}.Release|Any CPU.ActiveCfg = Release|Any CPU
		{AB1144DA-CFC9-43AF-8DBF-C93889379F1C}.Release|Any CPU.Build.0 = Release|Any CPU
		{108193E6-918E-46BE-9F3E-04249738764B}.Debug|Any CPU.ActiveCfg = Debug|Any CPU
		{108193E6-918E-46BE-9F3E-04249738764B}.Debug|Any CPU.Build.0 = Debug|Any CPU
		{108193E6-918E-46BE-9F3E-04249738764B}.Release|Any CPU.ActiveCfg = Release|Any CPU
		{108193E6-918E-46BE-9F3E-04249738764B}.Release|Any CPU.Build.0 = Release|Any CPU
	EndGlobalSection
EndGlobal
